<?xml version="1.0" encoding="utf-8"?>
<Project ToolsVersion="4.0" xmlns="http://schemas.microsoft.com/developer/msbuild/2003">
  <ItemGroup>
    <ClCompile Include="main.cpp" />
    <ClCompile Include="freefunctions.cpp" />
    <ClCompile Include="stdafx.cpp" />
    <ClCompile Include="unitytest.cpp" />
  </ItemGroup>
  <ItemGroup>
    <ClInclude Include="stdafx.h" />
    <ClInclude Include="freefunctions.h" />
  </ItemGroup>
</Project>